
Microsoft Visual Studio Solution File, Format Version 12.00
# Visual Studio Version 17
VisualStudioVersion = 17.9.34728.123
MinimumVisualStudioVersion = 10.0.40219.1
Project("{FAE04EC0-301F-11D3-BF4B-00C04F79EFBC}") = "Practice", "Practice\Practice.csproj", "{98DABEBC-424D-44A3-8A4E-C0F1AF9C0B5E}"
EndProject
Global
	GlobalSection(SolutionConfigurationPlatforms) = preSolution
		Debug|Any CPU = Debug|Any CPU
		Release|Any CPU = Release|Any CPU
	EndGlobalSection
	GlobalSection(ProjectConfigurationPlatforms) = postSolution
		{98DABEBC-424D-44A3-8A4E-C0F1AF9C0B5E}.Debug|Any CPU.ActiveCfg = Debug|Any CPU
		{98DABEBC-424D-44A3-8A4E-C0F1AF9C0B5E}.Debug|Any CPU.Build.0 = Debug|Any CPU
		{98DABEBC-424D-44A3-8A4E-C0F1AF9C0B5E}.Release|Any CPU.ActiveCfg = Release|Any CPU
		{98DABEBC-424D-44A3-8A4E-C0F1AF9C0B5E}.Release|Any CPU.Build.0 = Release|Any CPU
	EndGlobalSection
	GlobalSection(SolutionProperties) = preSolution
		HideSolutionNode = FALSE
	EndGlobalSection
	GlobalSection(ExtensibilityGlobals) = postSolution
		SolutionGuid = {8DCD6716-8DC9-4275-8958-282542F0DE20}
	EndGlobalSection
EndGlobal
